
Microsoft Visual Studio Solution File, Format Version 12.00
# Visual Studio Version 16
VisualStudioVersion = 16.0.31729.503
MinimumVisualStudioVersion = 10.0.40219.1
Project("{FAE04EC0-301F-11D3-BF4B-00C04F79EFBC}") = "lab9", "lab9.csproj", "{35FD6717-D943-4F7C-8F20-84C63388DA3C}"
EndProject
Global
	GlobalSection(SolutionConfigurationPlatforms) = preSolution
		Debug|Any CPU = Debug|Any CPU
		Release|Any CPU = Release|Any CPU
	EndGlobalSection
	GlobalSection(ProjectConfigurationPlatforms) = postSolution
		{35FD6717-D943-4F7C-8F20-84C63388DA3C}.Debug|Any CPU.ActiveCfg = Debug|Any CPU
		{35FD6717-D943-4F7C-8F20-84C63388DA3C}.Debug|Any CPU.Build.0 = Debug|Any CPU
		{35FD6717-D943-4F7C-8F20-84C63388DA3C}.Release|Any CPU.ActiveCfg = Release|Any CPU
		{35FD6717-D943-4F7C-8F20-84C63388DA3C}.Release|Any CPU.Build.0 = Release|Any CPU
	EndGlobalSection
	GlobalSection(SolutionProperties) = preSolution
		HideSolutionNode = FALSE
	EndGlobalSection
	GlobalSection(ExtensibilityGlobals) = postSolution
		SolutionGuid = {61595A2A-76C5-4D05-86CE-FF14B4CE67AA}
	EndGlobalSection
EndGlobal
